<?xml version="1.0" encoding="utf-8"?>
<Project ToolsVersion="4.0" xmlns="http://schemas.microsoft.com/developer/msbuild/2003">
  <ItemGroup>
    <ClCompile Include="assemble.c">
      <Filter>Source Files</Filter>
    </ClCompile>
    <ClCompile Include="assemble_aux.c">
      <Filter>Source Files</Filter>
    </ClCompile>
    <ClCompile Include="assemble_globals.c">
      <Filter>Source Files</Filter>
    </ClCompile>
    <ClCompile Include="extree.c">
      <Filter>Source Files</Filter>
    </ClCompile>
    <ClCompile Include="listing.c">
      <Filter>Source Files</Filter>
    </ClCompile>
    <ClCompile Include="macro11.c">
      <Filter>Source Files</Filter>
    </ClCompile>
    <ClCompile Include="macros.c">
      <Filter>Source Files</Filter>
    </ClCompile>
    <ClCompile Include="parse.c">
      <Filter>Source Files</Filter>
    </ClCompile>
    <ClCompile Include="rept_irpc.c">
      <Filter>Source Files</Filter>
    </ClCompile>
    <ClCompile Include="symbols.c">
      <Filter>Source Files</Filter>
    </ClCompile>
    <ClCompile Include="..\common\rad50.c">
      <Filter>Source Files</Filter>
    </ClCompile>
    <ClCompile Include="..\common\stream2.c">
      <Filter>Source Files</Filter>
    </ClCompile>
    <ClCompile Include="..\common\util.c">
      <Filter>Source Files</Filter>
    </ClCompile>
    <ClCompile Include="..\common\object.c">
      <Filter>Source Files</Filter>
    </ClCompile>
    <ClCompile Include="..\common\mlb.c">
      <Filter>Source Files</Filter>
    </ClCompile>
  </ItemGroup>
  <ItemGroup>
    <ClInclude Include="assemble.h">
      <Filter>Header Files</Filter>
    </ClInclude>
    <ClInclude Include="assemble_aux.h">
      <Filter>Header Files</Filter>
    </ClInclude>
    <ClInclude Include="assemble_globals.h">
      <Filter>Header Files</Filter>
    </ClInclude>
    <ClInclude Include="extree.h">
      <Filter>Header Files</Filter>
    </ClInclude>
    <ClInclude Include="listing.h">
      <Filter>Header Files</Filter>
    </ClInclude>
    <ClInclude Include="macro11.h">
      <Filter>Header Files</Filter>
    </ClInclude>
    <ClInclude Include="macros.h">
      <Filter>Header Files</Filter>
    </ClInclude>
    <ClInclude Include="parse.h">
      <Filter>Header Files</Filter>
    </ClInclude>
    <ClInclude Include="rept_irpc.h">
      <Filter>Header Files</Filter>
    </ClInclude>
    <ClInclude Include="symbols.h">
      <Filter>Header Files</Filter>
    </ClInclude>
    <ClInclude Include="..\common\rad50.h">
      <Filter>Header Files</Filter>
    </ClInclude>
    <ClInclude Include="..\common\stream2.h">
      <Filter>Header Files</Filter>
    </ClInclude>
    <ClInclude Include="..\common\util.h">
      <Filter>Header Files</Filter>
    </ClInclude>
    <ClInclude Include="..\common\mlb.h">
      <Filter>Header Files</Filter>
    </ClInclude>
    <ClInclude Include="..\common\object.h">
      <Filter>Header Files</Filter>
    </ClInclude>
  </ItemGroup>
  <ItemGroup>
    <Filter Include="Source Files">
      <UniqueIdentifier>{5d2dc0c4-aacc-4303-b57c-d99cf26c4e74}</UniqueIdentifier>
    </Filter>
    <Filter Include="Header Files">
      <UniqueIdentifier>{8e41687e-dcf8-4dfd-9e38-f19f28d0e3ad}</UniqueIdentifier>
    </Filter>
  </ItemGroup>
</Project>